
Microsoft Visual Studio Solution File, Format Version 12.00
# Visual Studio Version 16
VisualStudioVersion = 16.0.30804.86
MinimumVisualStudioVersion = 10.0.40219.1
Project("{2150E333-8FDC-42A3-9474-1A3956D46DE8}") = "Domain", "Domain", "{C0391E13-8772-47E9-A5D7-18EB4DD38AE0}"
EndProject
Project("{2150E333-8FDC-42A3-9474-1A3956D46DE8}") = "Infra.Bus", "Infra.Bus", "{AD41034B-3145-471D-8CA3-C348EA87FDA3}"
EndProject
Project("{2150E333-8FDC-42A3-9474-1A3956D46DE8}") = "Infra.IoC", "Infra.IoC", "{15FEE824-E335-4A02-B902-AC76060CC447}"
EndProject
Project("{9A19103F-16F7-4668-BE54-9A1E7A4F7556}") = "MicroRabbit.Domain.Core", "MicroRabbit.Domain.Core\MicroRabbit.Domain.Core.csproj", "{BC3884BF-3433-4B1A-9BF0-0828B8951C4A}"
EndProject
Project("{9A19103F-16F7-4668-BE54-9A1E7A4F7556}") = "MicroRabbit.Infra.Bus", "MicroRabbit.Infra.Bus\MicroRabbit.Infra.Bus.csproj", "{89018AF9-637D-4170-8BE9-7A1EB83EFEE3}"
EndProject
Project("{FAE04EC0-301F-11D3-BF4B-00C04F79EFBC}") = "MicroRabbit.Infra.IoC", "MicroRabbit.Infra.IoC\MicroRabbit.Infra.IoC.csproj", "{551C399E-E75F-40D8-B9E3-955797F5DFCC}"
EndProject
Project("{2150E333-8FDC-42A3-9474-1A3956D46DE8}") = "Microservices", "Microservices", "{C7AAF556-2AF9-46AC-B77C-C57D44733382}"
EndProject
Project("{2150E333-8FDC-42A3-9474-1A3956D46DE8}") = "Banking", "Banking", "{0D900120-5B2E-4A57-A3B8-B0FCB86E5ED5}"
EndProject
Project("{2150E333-8FDC-42A3-9474-1A3956D46DE8}") = "Api", "Api", "{EEC44A8F-EBD6-48FB-9C84-687B4795D157}"
EndProject
Project("{2150E333-8FDC-42A3-9474-1A3956D46DE8}") = "Domain", "Domain", "{F6343F38-A9F1-4B63-9DE0-B5F8251A7974}"
EndProject
Project("{2150E333-8FDC-42A3-9474-1A3956D46DE8}") = "Data", "Data", "{C3794875-5422-4ED5-A396-93A11AC7E5AC}"
EndProject
Project("{2150E333-8FDC-42A3-9474-1A3956D46DE8}") = "Application", "Application", "{2414BADC-3732-4B1E-9792-1B2AA31E9935}"
EndProject
Project("{FAE04EC0-301F-11D3-BF4B-00C04F79EFBC}") = "MicroRabbit.Banking.Api", "Microservices\Banking\Api\MicroRabbit.Banking.Api\MicroRabbit.Banking.Api.csproj", "{F3E9D339-E296-4259-A0C6-D0B0102983D0}"
EndProject
Project("{FAE04EC0-301F-11D3-BF4B-00C04F79EFBC}") = "MicroRabbit.Banking.Application", "Microservices\Banking\Application\MicroRabbit.Banking.Application\MicroRabbit.Banking.Application.csproj", "{E00D7895-37FB-455A-8603-4BA6E08933C7}"
EndProject
Project("{FAE04EC0-301F-11D3-BF4B-00C04F79EFBC}") = "MicroRabbit.Banking.Data", "Microservices\Banking\Data\MicroRabbit.Banking.Data\MicroRabbit.Banking.Data.csproj", "{F232B1BE-3D21-42D1-A350-AFB807477509}"
EndProject
Project("{FAE04EC0-301F-11D3-BF4B-00C04F79EFBC}") = "MicroRabbit.Banking.Domain", "Microservices\Banking\Domain\MicroRabbit.Banking.Domain\MicroRabbit.Banking.Domain.csproj", "{979241FF-FF6D-4D54-82E6-E3C9A0E34B23}"
EndProject
Global
	GlobalSection(SolutionConfigurationPlatforms) = preSolution
		Debug|Any CPU = Debug|Any CPU
		Release|Any CPU = Release|Any CPU
	EndGlobalSection
	GlobalSection(ProjectConfigurationPlatforms) = postSolution
		{BC3884BF-3433-4B1A-9BF0-0828B8951C4A}.Debug|Any CPU.ActiveCfg = Debug|Any CPU
		{BC3884BF-3433-4B1A-9BF0-0828B8951C4A}.Debug|Any CPU.Build.0 = Debug|Any CPU
		{BC3884BF-3433-4B1A-9BF0-0828B8951C4A}.Release|Any CPU.ActiveCfg = Release|Any CPU
		{BC3884BF-3433-4B1A-9BF0-0828B8951C4A}.Release|Any CPU.Build.0 = Release|Any CPU
		{89018AF9-637D-4170-8BE9-7A1EB83EFEE3}.Debug|Any CPU.ActiveCfg = Debug|Any CPU
		{89018AF9-637D-4170-8BE9-7A1EB83EFEE3}.Debug|Any CPU.Build.0 = Debug|Any CPU
		{89018AF9-637D-4170-8BE9-7A1EB83EFEE3}.Release|Any CPU.ActiveCfg = Release|Any CPU
		{89018AF9-637D-4170-8BE9-7A1EB83EFEE3}.Release|Any CPU.Build.0 = Release|Any CPU
		{551C399E-E75F-40D8-B9E3-955797F5DFCC}.Debug|Any CPU.ActiveCfg = Debug|Any CPU
		{551C399E-E75F-40D8-B9E3-955797F5DFCC}.Debug|Any CPU.Build.0 = Debug|Any CPU
		{551C399E-E75F-40D8-B9E3-955797F5DFCC}.Release|Any CPU.ActiveCfg = Release|Any CPU
		{551C399E-E75F-40D8-B9E3-955797F5DFCC}.Release|Any CPU.Build.0 = Release|Any CPU
		{F3E9D339-E296-4259-A0C6-D0B0102983D0}.Debug|Any CPU.ActiveCfg = Debug|Any CPU
		{F3E9D339-E296-4259-A0C6-D0B0102983D0}.Debug|Any CPU.Build.0 = Debug|Any CPU
		{F3E9D339-E296-4259-A0C6-D0B0102983D0}.Release|Any CPU.ActiveCfg = Release|Any CPU
		{F3E9D339-E296-4259-A0C6-D0B0102983D0}.Release|Any CPU.Build.0 = Release|Any CPU
		{E00D7895-37FB-455A-8603-4BA6E08933C7}.Debug|Any CPU.ActiveCfg = Debug|Any CPU
		{E00D7895-37FB-455A-8603-4BA6E08933C7}.Debug|Any CPU.Build.0 = Debug|Any CPU
		{E00D7895-37FB-455A-8603-4BA6E08933C7}.Release|Any CPU.ActiveCfg = Release|Any CPU
		{E00D7895-37FB-455A-8603-4BA6E08933C7}.Release|Any CPU.Build.0 = Release|Any CPU
		{F232B1BE-3D21-42D1-A350-AFB807477509}.Debug|Any CPU.ActiveCfg = Debug|Any CPU
		{F232B1BE-3D21-42D1-A350-AFB807477509}.Debug|Any CPU.Build.0 = Debug|Any CPU
		{F232B1BE-3D21-42D1-A350-AFB807477509}.Release|Any CPU.ActiveCfg = Release|Any CPU
		{F232B1BE-3D21-42D1-A350-AFB807477509}.Release|Any CPU.Build.0 = Release|Any CPU
		{979241FF-FF6D-4D54-82E6-E3C9A0E34B23}.Debug|Any CPU.ActiveCfg = Debug|Any CPU
		{979241FF-FF6D-4D54-82E6-E3C9A0E34B23}.Debug|Any CPU.Build.0 = Debug|Any CPU
		{979241FF-FF6D-4D54-82E6-E3C9A0E34B23}.Release|Any CPU.ActiveCfg = Release|Any CPU
		{979241FF-FF6D-4D54-82E6-E3C9A0E34B23}.Release|Any CPU.Build.0 = Release|Any CPU
	EndGlobalSection
	GlobalSection(SolutionProperties) = preSolution
		HideSolutionNode = FALSE
	EndGlobalSection
	GlobalSection(NestedProjects) = preSolution
		{BC3884BF-3433-4B1A-9BF0-0828B8951C4A} = {C0391E13-8772-47E9-A5D7-18EB4DD38AE0}
		{89018AF9-637D-4170-8BE9-7A1EB83EFEE3} = {AD41034B-3145-471D-8CA3-C348EA87FDA3}
		{551C399E-E75F-40D8-B9E3-955797F5DFCC} = {15FEE824-E335-4A02-B902-AC76060CC447}
		{0D900120-5B2E-4A57-A3B8-B0FCB86E5ED5} = {C7AAF556-2AF9-46AC-B77C-C57D44733382}
		{EEC44A8F-EBD6-48FB-9C84-687B4795D157} = {0D900120-5B2E-4A57-A3B8-B0FCB86E5ED5}
		{F6343F38-A9F1-4B63-9DE0-B5F8251A7974} = {0D900120-5B2E-4A57-A3B8-B0FCB86E5ED5}
		{C3794875-5422-4ED5-A396-93A11AC7E5AC} = {0D900120-5B2E-4A57-A3B8-B0FCB86E5ED5}
		{2414BADC-3732-4B1E-9792-1B2AA31E9935} = {0D900120-5B2E-4A57-A3B8-B0FCB86E5ED5}
		{F3E9D339-E296-4259-A0C6-D0B0102983D0} = {EEC44A8F-EBD6-48FB-9C84-687B4795D157}
		{E00D7895-37FB-455A-8603-4BA6E08933C7} = {2414BADC-3732-4B1E-9792-1B2AA31E9935}
		{F232B1BE-3D21-42D1-A350-AFB807477509} = {C3794875-5422-4ED5-A396-93A11AC7E5AC}
		{979241FF-FF6D-4D54-82E6-E3C9A0E34B23} = {F6343F38-A9F1-4B63-9DE0-B5F8251A7974}
	EndGlobalSection
	GlobalSection(ExtensibilityGlobals) = postSolution
		SolutionGuid = {4AD35228-D584-490B-ADAA-D17EB8F68624}
	EndGlobalSection
EndGlobal
